PODS:
  - miniBanking_account (0.0.1)
  - miniBanking_card (0.0.1)
  - miniBanking_core (0.0.1)
  - miniBanking_customerService (0.0.1)
  - miniBanking_home (0.0.1)
  - miniBanking_login (0.0.1)
  - miniBanking_mock (0.0.1)
  - miniBanking_networking (0.0.1)
  - miniBanking_pix (0.0.1)

DEPENDENCIES:
  - miniBanking_account (from `https://github.com/brunovsc/miniBanking_account.git`, branch `0.0.1`)
  - miniBanking_card (from `https://github.com/brunovsc/miniBanking_card.git`, branch `0.0.1`)
  - miniBanking_core (from `https://github.com/brunovsc/miniBanking_core.git`, branch `0.0.1`)
  - miniBanking_customerService (from `https://github.com/brunovsc/miniBanking_customerService.git`, branch `0.0.1`)
  - miniBanking_home (from `https://github.com/brunovsc/miniBanking_home.git`, branch `0.0.1`)
  - miniBanking_login (from `https://github.com/brunovsc/miniBanking_login.git`, branch `0.0.1`)
  - miniBanking_mock (from `https://github.com/brunovsc/miniBanking_mock.git`, branch `0.0.1`)
  - miniBanking_networking (from `https://github.com/brunovsc/miniBanking_networking.git`, branch `0.0.1`)
  - miniBanking_pix (from `https://github.com/brunovsc/miniBanking_pix.git`, branch `0.0.1`)

EXTERNAL SOURCES:
  miniBanking_account:
    :branch: 0.0.1
    :git: https://github.com/brunovsc/miniBanking_account.git
  miniBanking_card:
    :branch: 0.0.1
    :git: https://github.com/brunovsc/miniBanking_card.git
  miniBanking_core:
    :branch: 0.0.1
    :git: https://github.com/brunovsc/miniBanking_core.git
  miniBanking_customerService:
    :branch: 0.0.1
    :git: https://github.com/brunovsc/miniBanking_customerService.git
  miniBanking_home:
    :branch: 0.0.1
    :git: https://github.com/brunovsc/miniBanking_home.git
  miniBanking_login:
    :branch: 0.0.1
    :git: https://github.com/brunovsc/miniBanking_login.git
  miniBanking_mock:
    :branch: 0.0.1
    :git: https://github.com/brunovsc/miniBanking_mock.git
  miniBanking_networking:
    :branch: 0.0.1
    :git: https://github.com/brunovsc/miniBanking_networking.git
  miniBanking_pix:
    :branch: 0.0.1
    :git: https://github.com/brunovsc/miniBanking_pix.git

CHECKOUT OPTIONS:
  miniBanking_account:
    :commit: 8afee4068e19e330f337d19713a0285f3e81024b
    :git: https://github.com/brunovsc/miniBanking_account.git
  miniBanking_card:
    :commit: 117b889bc3037dfe7407bca9888198f122d048c1
    :git: https://github.com/brunovsc/miniBanking_card.git
  miniBanking_core:
    :commit: 100cf0b5c946d14cf959f41a03aa404f8f046abb
    :git: https://github.com/brunovsc/miniBanking_core.git
  miniBanking_customerService:
    :commit: 2ff48ebd71c921c153860daafdf49b070a73389c
    :git: https://github.com/brunovsc/miniBanking_customerService.git
  miniBanking_home:
    :commit: e780d12c0a4320f179af05a27f49fe520b6890cd
    :git: https://github.com/brunovsc/miniBanking_home.git
  miniBanking_login:
    :commit: be028a6e08f09b21fe7decd1f2b319bccf4a257e
    :git: https://github.com/brunovsc/miniBanking_login.git
  miniBanking_mock:
    :commit: 6d2a527d464e6846baef601ef1af1969b7dadc29
    :git: https://github.com/brunovsc/miniBanking_mock.git
  miniBanking_networking:
    :commit: be8dc3d5c2a49a3251f8adf3703d98bb1c83179b
    :git: https://github.com/brunovsc/miniBanking_networking.git
  miniBanking_pix:
    :commit: 462727a426194ea747dbd2d0fe6f7b7fc64d3410
    :git: https://github.com/brunovsc/miniBanking_pix.git

SPEC CHECKSUMS:
  miniBanking_account: 1936cac241fd960b847baef2503c5b4fb5ad66f2
  miniBanking_card: 076864d837d1ae0b24792228ccdbbb6feef325a6
  miniBanking_core: df765db772a2f9cebe2c0144fec32e63444a46d0
  miniBanking_customerService: 91d7e68648584bdfd141686c8c2841eee071a258
  miniBanking_home: 8ac51f8c842830afa59fe83b8586d167a8d03268
  miniBanking_login: 463b02f15ff227dc96dd8122069cd47d62ab8925
  miniBanking_mock: 3997eebdaeddbbb96ced32571a38a20d12ca854f
  miniBanking_networking: 4bd273d93cc0b56059cc874104b77207c990d99a
  miniBanking_pix: cda8c60cbe12409d6689410884c6df929d48f937

PODFILE CHECKSUM: 14be3ee956a504f86efb60d7b7e568d06e379e4b

COCOAPODS: 1.11.2
